
Microsoft Visual Studio Solution File, Format Version 10.00
# Visual Studio 2008
Project("{8BC9CEB8-8B4A-11D0-8D11-00A0C91BC942}") = "readUnicode", "readUnicode.vcproj", "{ED4409E1-A3EC-40E2-94EB-F1E04CA3FD04}"
EndProject
Project("{8BC9CEB8-8B4A-11D0-8D11-00A0C91BC942}") = "testWriter", "testWriter.vcproj", "{AB37CAAC-BE6A-4B43-BA5E-DF1C381BF79B}"
EndProject
Global
	GlobalSection(SolutionConfigurationPlatforms) = preSolution
		Debug|Win32 = Debug|Win32
		Release|Win32 = Release|Win32
	EndGlobalSection
	GlobalSection(ProjectConfigurationPlatforms) = postSolution
		{ED4409E1-A3EC-40E2-94EB-F1E04CA3FD04}.Debug|Win32.ActiveCfg = Debug|Win32
		{ED4409E1-A3EC-40E2-94EB-F1E04CA3FD04}.Debug|Win32.Build.0 = Debug|Win32
		{ED4409E1-A3EC-40E2-94EB-F1E04CA3FD04}.Release|Win32.ActiveCfg = Release|Win32
		{ED4409E1-A3EC-40E2-94EB-F1E04CA3FD04}.Release|Win32.Build.0 = Release|Win32
		{AB37CAAC-BE6A-4B43-BA5E-DF1C381BF79B}.Debug|Win32.ActiveCfg = Debug|Win32
		{AB37CAAC-BE6A-4B43-BA5E-DF1C381BF79B}.Debug|Win32.Build.0 = Debug|Win32
		{AB37CAAC-BE6A-4B43-BA5E-DF1C381BF79B}.Release|Win32.ActiveCfg = Release|Win32
		{AB37CAAC-BE6A-4B43-BA5E-DF1C381BF79B}.Release|Win32.Build.0 = Release|Win32
	EndGlobalSection
	GlobalSection(SolutionProperties) = preSolution
		HideSolutionNode = FALSE
	EndGlobalSection
EndGlobal
